
Microsoft Visual Studio Solution File, Format Version 12.00
# Visual Studio Version 17
VisualStudioVersion = 17.5.33414.496
MinimumVisualStudioVersion = 10.0.40219.1
Project("{FAE04EC0-301F-11D3-BF4B-00C04F79EFBC}") = "task1", "task1\task1.csproj", "{B23715F8-7462-4535-83FA-483C9E8C3697}"
EndProject
Global
	GlobalSection(SolutionConfigurationPlatforms) = preSolution
		Debug|Any CPU = Debug|Any CPU
		Release|Any CPU = Release|Any CPU
	EndGlobalSection
	GlobalSection(ProjectConfigurationPlatforms) = postSolution
		{B23715F8-7462-4535-83FA-483C9E8C3697}.Debug|Any CPU.ActiveCfg = Debug|Any CPU
		{B23715F8-7462-4535-83FA-483C9E8C3697}.Debug|Any CPU.Build.0 = Debug|Any CPU
		{B23715F8-7462-4535-83FA-483C9E8C3697}.Release|Any CPU.ActiveCfg = Release|Any CPU
		{B23715F8-7462-4535-83FA-483C9E8C3697}.Release|Any CPU.Build.0 = Release|Any CPU
	EndGlobalSection
	GlobalSection(SolutionProperties) = preSolution
		HideSolutionNode = FALSE
	EndGlobalSection
	GlobalSection(ExtensibilityGlobals) = postSolution
		SolutionGuid = {D7322841-F0C9-4B31-A774-2CE6B8FCC3FF}
	EndGlobalSection
EndGlobal
