
Microsoft Visual Studio Solution File, Format Version 12.00
# Visual Studio Version 17
VisualStudioVersion = 17.5.33414.496
MinimumVisualStudioVersion = 10.0.40219.1
Project("{FAE04EC0-301F-11D3-BF4B-00C04F79EFBC}") = "task 1", "task 1\task 1.csproj", "{258F0D4A-4DA2-4F40-AB47-F4C47525371F}"
EndProject
Project("{FAE04EC0-301F-11D3-BF4B-00C04F79EFBC}") = "task2", "task2\task2.csproj", "{8AA4EC39-FA25-4B38-914F-2DC0E4CD7EFA}"
EndProject
Project("{FAE04EC0-301F-11D3-BF4B-00C04F79EFBC}") = "task3", "task3\task3.csproj", "{211C5854-DD65-405E-BB3C-E90740861379}"
EndProject
Global
	GlobalSection(SolutionConfigurationPlatforms) = preSolution
		Debug|Any CPU = Debug|Any CPU
		Release|Any CPU = Release|Any CPU
	EndGlobalSection
	GlobalSection(ProjectConfigurationPlatforms) = postSolution
		{258F0D4A-4DA2-4F40-AB47-F4C47525371F}.Debug|Any CPU.ActiveCfg = Debug|Any CPU
		{258F0D4A-4DA2-4F40-AB47-F4C47525371F}.Debug|Any CPU.Build.0 = Debug|Any CPU
		{258F0D4A-4DA2-4F40-AB47-F4C47525371F}.Release|Any CPU.ActiveCfg = Release|Any CPU
		{258F0D4A-4DA2-4F40-AB47-F4C47525371F}.Release|Any CPU.Build.0 = Release|Any CPU
		{8AA4EC39-FA25-4B38-914F-2DC0E4CD7EFA}.Debug|Any CPU.ActiveCfg = Debug|Any CPU
		{8AA4EC39-FA25-4B38-914F-2DC0E4CD7EFA}.Debug|Any CPU.Build.0 = Debug|Any CPU
		{8AA4EC39-FA25-4B38-914F-2DC0E4CD7EFA}.Release|Any CPU.ActiveCfg = Release|Any CPU
		{8AA4EC39-FA25-4B38-914F-2DC0E4CD7EFA}.Release|Any CPU.Build.0 = Release|Any CPU
		{211C5854-DD65-405E-BB3C-E90740861379}.Debug|Any CPU.ActiveCfg = Debug|Any CPU
		{211C5854-DD65-405E-BB3C-E90740861379}.Debug|Any CPU.Build.0 = Debug|Any CPU
		{211C5854-DD65-405E-BB3C-E90740861379}.Release|Any CPU.ActiveCfg = Release|Any CPU
		{211C5854-DD65-405E-BB3C-E90740861379}.Release|Any CPU.Build.0 = Release|Any CPU
	EndGlobalSection
	GlobalSection(SolutionProperties) = preSolution
		HideSolutionNode = FALSE
	EndGlobalSection
	GlobalSection(ExtensibilityGlobals) = postSolution
		SolutionGuid = {C8ACF822-F86C-498E-ADF3-0A0EA67DCCCC}
	EndGlobalSection
EndGlobal
