
Microsoft Visual Studio Solution File, Format Version 12.00
# Visual Studio Version 17
VisualStudioVersion = 17.5.33414.496
MinimumVisualStudioVersion = 10.0.40219.1
Project("{FAE04EC0-301F-11D3-BF4B-00C04F79EFBC}") = "task1", "task1\task1.csproj", "{67DD27B8-53EC-4C60-84E8-AE29D1CF6631}"
EndProject
Project("{FAE04EC0-301F-11D3-BF4B-00C04F79EFBC}") = "task2", "task2\task2.csproj", "{4B0ED4A6-B653-41D3-93AF-CD0D565232BD}"
EndProject
Project("{FAE04EC0-301F-11D3-BF4B-00C04F79EFBC}") = "task3", "task3\task3.csproj", "{035EFCE0-148B-474B-AA5E-D36CBA9B767F}"
EndProject
Project("{FAE04EC0-301F-11D3-BF4B-00C04F79EFBC}") = "task 4", "task 4\task 4.csproj", "{C23F4D0E-31EB-4F43-A493-9EB3AC7D683F}"
EndProject
Project("{FAE04EC0-301F-11D3-BF4B-00C04F79EFBC}") = "task5", "task5\task5.csproj", "{474664DF-5954-49AC-8BC7-FB22AE55D6B6}"
EndProject
Global
	GlobalSection(SolutionConfigurationPlatforms) = preSolution
		Debug|Any CPU = Debug|Any CPU
		Release|Any CPU = Release|Any CPU
	EndGlobalSection
	GlobalSection(ProjectConfigurationPlatforms) = postSolution
		{67DD27B8-53EC-4C60-84E8-AE29D1CF6631}.Debug|Any CPU.ActiveCfg = Debug|Any CPU
		{67DD27B8-53EC-4C60-84E8-AE29D1CF6631}.Debug|Any CPU.Build.0 = Debug|Any CPU
		{67DD27B8-53EC-4C60-84E8-AE29D1CF6631}.Release|Any CPU.ActiveCfg = Release|Any CPU
		{67DD27B8-53EC-4C60-84E8-AE29D1CF6631}.Release|Any CPU.Build.0 = Release|Any CPU
		{4B0ED4A6-B653-41D3-93AF-CD0D565232BD}.Debug|Any CPU.ActiveCfg = Debug|Any CPU
		{4B0ED4A6-B653-41D3-93AF-CD0D565232BD}.Debug|Any CPU.Build.0 = Debug|Any CPU
		{4B0ED4A6-B653-41D3-93AF-CD0D565232BD}.Release|Any CPU.ActiveCfg = Release|Any CPU
		{4B0ED4A6-B653-41D3-93AF-CD0D565232BD}.Release|Any CPU.Build.0 = Release|Any CPU
		{035EFCE0-148B-474B-AA5E-D36CBA9B767F}.Debug|Any CPU.ActiveCfg = Debug|Any CPU
		{035EFCE0-148B-474B-AA5E-D36CBA9B767F}.Debug|Any CPU.Build.0 = Debug|Any CPU
		{035EFCE0-148B-474B-AA5E-D36CBA9B767F}.Release|Any CPU.ActiveCfg = Release|Any CPU
		{035EFCE0-148B-474B-AA5E-D36CBA9B767F}.Release|Any CPU.Build.0 = Release|Any CPU
		{C23F4D0E-31EB-4F43-A493-9EB3AC7D683F}.Debug|Any CPU.ActiveCfg = Debug|Any CPU
		{C23F4D0E-31EB-4F43-A493-9EB3AC7D683F}.Debug|Any CPU.Build.0 = Debug|Any CPU
		{C23F4D0E-31EB-4F43-A493-9EB3AC7D683F}.Release|Any CPU.ActiveCfg = Release|Any CPU
		{C23F4D0E-31EB-4F43-A493-9EB3AC7D683F}.Release|Any CPU.Build.0 = Release|Any CPU
		{474664DF-5954-49AC-8BC7-FB22AE55D6B6}.Debug|Any CPU.ActiveCfg = Debug|Any CPU
		{474664DF-5954-49AC-8BC7-FB22AE55D6B6}.Debug|Any CPU.Build.0 = Debug|Any CPU
		{474664DF-5954-49AC-8BC7-FB22AE55D6B6}.Release|Any CPU.ActiveCfg = Release|Any CPU
		{474664DF-5954-49AC-8BC7-FB22AE55D6B6}.Release|Any CPU.Build.0 = Release|Any CPU
	EndGlobalSection
	GlobalSection(SolutionProperties) = preSolution
		HideSolutionNode = FALSE
	EndGlobalSection
	GlobalSection(ExtensibilityGlobals) = postSolution
		SolutionGuid = {764E8E76-993E-4E0F-8089-4CCA42694B2D}
	EndGlobalSection
EndGlobal
