
Microsoft Visual Studio Solution File, Format Version 12.00
# Visual Studio Version 17
VisualStudioVersion = 17.3.32922.545
MinimumVisualStudioVersion = 10.0.40219.1
Project("{FAE04EC0-301F-11D3-BF4B-00C04F79EFBC}") = "Day27Prac26", "Day27Prac26\Day27Prac26.csproj", "{373A6115-5CE9-49D9-96A7-8737A22E5FC9}"
EndProject
Global
	GlobalSection(SolutionConfigurationPlatforms) = preSolution
		Debug|Any CPU = Debug|Any CPU
		Release|Any CPU = Release|Any CPU
	EndGlobalSection
	GlobalSection(ProjectConfigurationPlatforms) = postSolution
		{373A6115-5CE9-49D9-96A7-8737A22E5FC9}.Debug|Any CPU.ActiveCfg = Debug|Any CPU
		{373A6115-5CE9-49D9-96A7-8737A22E5FC9}.Debug|Any CPU.Build.0 = Debug|Any CPU
		{373A6115-5CE9-49D9-96A7-8737A22E5FC9}.Release|Any CPU.ActiveCfg = Release|Any CPU
		{373A6115-5CE9-49D9-96A7-8737A22E5FC9}.Release|Any CPU.Build.0 = Release|Any CPU
	EndGlobalSection
	GlobalSection(SolutionProperties) = preSolution
		HideSolutionNode = FALSE
	EndGlobalSection
	GlobalSection(ExtensibilityGlobals) = postSolution
		SolutionGuid = {392E1FD3-92FE-48BE-AA34-56C24620031B}
	EndGlobalSection
EndGlobal
