
Microsoft Visual Studio Solution File, Format Version 12.00
# Visual Studio Version 17
VisualStudioVersion = 17.3.32929.385
MinimumVisualStudioVersion = 10.0.40219.1
Project("{FAE04EC0-301F-11D3-BF4B-00C04F79EFBC}") = "WindowsFormsApp2", "WindowsFormsApp2\WindowsFormsApp2.csproj", "{04B7702F-B486-47E6-BEB6-3CF5F3767551}"
EndProject
Global
	GlobalSection(SolutionConfigurationPlatforms) = preSolution
		Debug|Any CPU = Debug|Any CPU
		Release|Any CPU = Release|Any CPU
	EndGlobalSection
	GlobalSection(ProjectConfigurationPlatforms) = postSolution
		{04B7702F-B486-47E6-BEB6-3CF5F3767551}.Debug|Any CPU.ActiveCfg = Debug|Any CPU
		{04B7702F-B486-47E6-BEB6-3CF5F3767551}.Debug|Any CPU.Build.0 = Debug|Any CPU
		{04B7702F-B486-47E6-BEB6-3CF5F3767551}.Release|Any CPU.ActiveCfg = Release|Any CPU
		{04B7702F-B486-47E6-BEB6-3CF5F3767551}.Release|Any CPU.Build.0 = Release|Any CPU
	EndGlobalSection
	GlobalSection(SolutionProperties) = preSolution
		HideSolutionNode = FALSE
	EndGlobalSection
	GlobalSection(ExtensibilityGlobals) = postSolution
		SolutionGuid = {74BE7642-4975-4F49-9A28-DA4306B3467A}
	EndGlobalSection
EndGlobal
