
Microsoft Visual Studio Solution File, Format Version 12.00
# Visual Studio Version 17
VisualStudioVersion = 17.5.33414.496
MinimumVisualStudioVersion = 10.0.40219.1
Project("{9A19103F-16F7-4668-BE54-9A1E7A4F7556}") = "task1", "task1\task1.csproj", "{16B1849F-A3BC-4404-918D-8CB36E29461E}"
EndProject
Project("{FAE04EC0-301F-11D3-BF4B-00C04F79EFBC}") = "task2", "task2\task2.csproj", "{D774A62B-2E8F-4423-BF77-A550B97E6CA0}"
EndProject
Project("{FAE04EC0-301F-11D3-BF4B-00C04F79EFBC}") = "task3", "task3\task3.csproj", "{37CF257B-CF88-4F0E-A744-FCAD4A84F255}"
EndProject
Project("{FAE04EC0-301F-11D3-BF4B-00C04F79EFBC}") = "task4", "task4\task4.csproj", "{C4638A7E-5919-4F63-93CA-702F64921DD0}"
EndProject
Global
	GlobalSection(SolutionConfigurationPlatforms) = preSolution
		Debug|Any CPU = Debug|Any CPU
		Release|Any CPU = Release|Any CPU
	EndGlobalSection
	GlobalSection(ProjectConfigurationPlatforms) = postSolution
		{16B1849F-A3BC-4404-918D-8CB36E29461E}.Debug|Any CPU.ActiveCfg = Debug|Any CPU
		{16B1849F-A3BC-4404-918D-8CB36E29461E}.Debug|Any CPU.Build.0 = Debug|Any CPU
		{16B1849F-A3BC-4404-918D-8CB36E29461E}.Release|Any CPU.ActiveCfg = Release|Any CPU
		{16B1849F-A3BC-4404-918D-8CB36E29461E}.Release|Any CPU.Build.0 = Release|Any CPU
		{D774A62B-2E8F-4423-BF77-A550B97E6CA0}.Debug|Any CPU.ActiveCfg = Debug|Any CPU
		{D774A62B-2E8F-4423-BF77-A550B97E6CA0}.Debug|Any CPU.Build.0 = Debug|Any CPU
		{D774A62B-2E8F-4423-BF77-A550B97E6CA0}.Release|Any CPU.ActiveCfg = Release|Any CPU
		{D774A62B-2E8F-4423-BF77-A550B97E6CA0}.Release|Any CPU.Build.0 = Release|Any CPU
		{37CF257B-CF88-4F0E-A744-FCAD4A84F255}.Debug|Any CPU.ActiveCfg = Debug|Any CPU
		{37CF257B-CF88-4F0E-A744-FCAD4A84F255}.Debug|Any CPU.Build.0 = Debug|Any CPU
		{37CF257B-CF88-4F0E-A744-FCAD4A84F255}.Release|Any CPU.ActiveCfg = Release|Any CPU
		{37CF257B-CF88-4F0E-A744-FCAD4A84F255}.Release|Any CPU.Build.0 = Release|Any CPU
		{C4638A7E-5919-4F63-93CA-702F64921DD0}.Debug|Any CPU.ActiveCfg = Debug|Any CPU
		{C4638A7E-5919-4F63-93CA-702F64921DD0}.Debug|Any CPU.Build.0 = Debug|Any CPU
		{C4638A7E-5919-4F63-93CA-702F64921DD0}.Release|Any CPU.ActiveCfg = Release|Any CPU
		{C4638A7E-5919-4F63-93CA-702F64921DD0}.Release|Any CPU.Build.0 = Release|Any CPU
	EndGlobalSection
	GlobalSection(SolutionProperties) = preSolution
		HideSolutionNode = FALSE
	EndGlobalSection
	GlobalSection(ExtensibilityGlobals) = postSolution
		SolutionGuid = {55569668-AABE-437B-AE9F-8407AC689D47}
	EndGlobalSection
EndGlobal
