
Microsoft Visual Studio Solution File, Format Version 12.00
# Visual Studio Version 17
VisualStudioVersion = 17.5.33414.496
MinimumVisualStudioVersion = 10.0.40219.1
Project("{9A19103F-16F7-4668-BE54-9A1E7A4F7556}") = "task 1", "task 1\task 1.csproj", "{D7C5FCE0-9CFD-4BA9-8180-CD30595B4244}"
EndProject
Project("{FAE04EC0-301F-11D3-BF4B-00C04F79EFBC}") = "task2", "task2\task2.csproj", "{4C5C52F8-497E-4850-8382-011D87E3D0A8}"
EndProject
Project("{FAE04EC0-301F-11D3-BF4B-00C04F79EFBC}") = "task 3", "task 3\task 3.csproj", "{D50F9FAE-4627-4871-A75D-E0CEA716F35A}"
EndProject
Project("{FAE04EC0-301F-11D3-BF4B-00C04F79EFBC}") = "task 4", "task 4\task 4.csproj", "{40193298-AA64-4C40-9487-69555E2DD305}"
EndProject
Project("{FAE04EC0-301F-11D3-BF4B-00C04F79EFBC}") = "task5", "task5\task5.csproj", "{6CB7EB41-91C4-487E-8B19-E3D68225603B}"
EndProject
Project("{FAE04EC0-301F-11D3-BF4B-00C04F79EFBC}") = "task6", "task6\task6.csproj", "{B380E1FA-C03A-4DF3-BC00-D6896A1EDCDA}"
EndProject
Global
	GlobalSection(SolutionConfigurationPlatforms) = preSolution
		Debug|Any CPU = Debug|Any CPU
		Release|Any CPU = Release|Any CPU
	EndGlobalSection
	GlobalSection(ProjectConfigurationPlatforms) = postSolution
		{D7C5FCE0-9CFD-4BA9-8180-CD30595B4244}.Debug|Any CPU.ActiveCfg = Debug|Any CPU
		{D7C5FCE0-9CFD-4BA9-8180-CD30595B4244}.Debug|Any CPU.Build.0 = Debug|Any CPU
		{D7C5FCE0-9CFD-4BA9-8180-CD30595B4244}.Release|Any CPU.ActiveCfg = Release|Any CPU
		{D7C5FCE0-9CFD-4BA9-8180-CD30595B4244}.Release|Any CPU.Build.0 = Release|Any CPU
		{4C5C52F8-497E-4850-8382-011D87E3D0A8}.Debug|Any CPU.ActiveCfg = Debug|Any CPU
		{4C5C52F8-497E-4850-8382-011D87E3D0A8}.Debug|Any CPU.Build.0 = Debug|Any CPU
		{4C5C52F8-497E-4850-8382-011D87E3D0A8}.Release|Any CPU.ActiveCfg = Release|Any CPU
		{4C5C52F8-497E-4850-8382-011D87E3D0A8}.Release|Any CPU.Build.0 = Release|Any CPU
		{D50F9FAE-4627-4871-A75D-E0CEA716F35A}.Debug|Any CPU.ActiveCfg = Debug|Any CPU
		{D50F9FAE-4627-4871-A75D-E0CEA716F35A}.Debug|Any CPU.Build.0 = Debug|Any CPU
		{D50F9FAE-4627-4871-A75D-E0CEA716F35A}.Release|Any CPU.ActiveCfg = Release|Any CPU
		{D50F9FAE-4627-4871-A75D-E0CEA716F35A}.Release|Any CPU.Build.0 = Release|Any CPU
		{40193298-AA64-4C40-9487-69555E2DD305}.Debug|Any CPU.ActiveCfg = Debug|Any CPU
		{40193298-AA64-4C40-9487-69555E2DD305}.Debug|Any CPU.Build.0 = Debug|Any CPU
		{40193298-AA64-4C40-9487-69555E2DD305}.Release|Any CPU.ActiveCfg = Release|Any CPU
		{40193298-AA64-4C40-9487-69555E2DD305}.Release|Any CPU.Build.0 = Release|Any CPU
		{6CB7EB41-91C4-487E-8B19-E3D68225603B}.Debug|Any CPU.ActiveCfg = Debug|Any CPU
		{6CB7EB41-91C4-487E-8B19-E3D68225603B}.Debug|Any CPU.Build.0 = Debug|Any CPU
		{6CB7EB41-91C4-487E-8B19-E3D68225603B}.Release|Any CPU.ActiveCfg = Release|Any CPU
		{6CB7EB41-91C4-487E-8B19-E3D68225603B}.Release|Any CPU.Build.0 = Release|Any CPU
		{B380E1FA-C03A-4DF3-BC00-D6896A1EDCDA}.Debug|Any CPU.ActiveCfg = Debug|Any CPU
		{B380E1FA-C03A-4DF3-BC00-D6896A1EDCDA}.Debug|Any CPU.Build.0 = Debug|Any CPU
		{B380E1FA-C03A-4DF3-BC00-D6896A1EDCDA}.Release|Any CPU.ActiveCfg = Release|Any CPU
		{B380E1FA-C03A-4DF3-BC00-D6896A1EDCDA}.Release|Any CPU.Build.0 = Release|Any CPU
	EndGlobalSection
	GlobalSection(SolutionProperties) = preSolution
		HideSolutionNode = FALSE
	EndGlobalSection
	GlobalSection(ExtensibilityGlobals) = postSolution
		SolutionGuid = {EB1BC6B3-D653-49E1-9660-CB05398E486D}
	EndGlobalSection
EndGlobal
